
Microsoft Visual Studio Solution File, Format Version 12.00
# Visual Studio 2013
VisualStudioVersion = 12.0.21005.1
MinimumVisualStudioVersion = 10.0.40219.1
Project("{FAE04EC0-301F-11D3-BF4B-00C04F79EFBC}") = "SEDC.Agency.WinForms", "SEDC.Agency.MultiPlatform\SEDC.Agency.WinForms.csproj", "{8427AF95-8F94-4A76-A673-E32591995DBA}"
EndProject
Project("{2150E333-8FDC-42A3-9474-1A3956D46DE8}") = "BLL", "BLL", "{FC246ECC-F0FC-4495-B127-52E06AF9F8F7}"
EndProject
Project("{2150E333-8FDC-42A3-9474-1A3956D46DE8}") = "DAL", "DAL", "{28E78D9C-5AF1-492D-8F97-F969F0BD3BC0}"
EndProject
Project("{FAE04EC0-301F-11D3-BF4B-00C04F79EFBC}") = "SEDC.Agency.BL.Models", "SEDC.Agency.BL.Models\SEDC.Agency.BL.Models.csproj", "{8D2CD0FD-3706-4AB7-BAB7-91198F8DA00C}"
EndProject
Project("{FAE04EC0-301F-11D3-BF4B-00C04F79EFBC}") = "SEDC.Agency.DL.CsvDataAccess", "SEDC.Agency.DL.CsvDataAccess\SEDC.Agency.DL.CsvDataAccess.csproj", "{76A69E7B-683D-40AD-A5F3-036A1A2C8873}"
EndProject
Project("{FAE04EC0-301F-11D3-BF4B-00C04F79EFBC}") = "SEDC.Agency.BL.ContractInterfaces", "SEDC.Agency.BL.Interfaces\SEDC.Agency.BL.ContractInterfaces.csproj", "{FA757245-EF3D-48CC-A508-F1B0B3ACD85D}"
EndProject
Project("{FAE04EC0-301F-11D3-BF4B-00C04F79EFBC}") = "SEDC.Agency.BL", "SEDC.Agency.BL\SEDC.Agency.BL.csproj", "{83A97EC9-795F-4702-9273-8A53BB919F5C}"
EndProject
Global
	GlobalSection(SolutionConfigurationPlatforms) = preSolution
		Debug|Any CPU = Debug|Any CPU
		Release|Any CPU = Release|Any CPU
	EndGlobalSection
	GlobalSection(ProjectConfigurationPlatforms) = postSolution
		{8427AF95-8F94-4A76-A673-E32591995DBA}.Debug|Any CPU.ActiveCfg = Debug|Any CPU
		{8427AF95-8F94-4A76-A673-E32591995DBA}.Debug|Any CPU.Build.0 = Debug|Any CPU
		{8427AF95-8F94-4A76-A673-E32591995DBA}.Release|Any CPU.ActiveCfg = Release|Any CPU
		{8427AF95-8F94-4A76-A673-E32591995DBA}.Release|Any CPU.Build.0 = Release|Any CPU
		{8D2CD0FD-3706-4AB7-BAB7-91198F8DA00C}.Debug|Any CPU.ActiveCfg = Debug|Any CPU
		{8D2CD0FD-3706-4AB7-BAB7-91198F8DA00C}.Debug|Any CPU.Build.0 = Debug|Any CPU
		{8D2CD0FD-3706-4AB7-BAB7-91198F8DA00C}.Release|Any CPU.ActiveCfg = Release|Any CPU
		{8D2CD0FD-3706-4AB7-BAB7-91198F8DA00C}.Release|Any CPU.Build.0 = Release|Any CPU
		{76A69E7B-683D-40AD-A5F3-036A1A2C8873}.Debug|Any CPU.ActiveCfg = Debug|Any CPU
		{76A69E7B-683D-40AD-A5F3-036A1A2C8873}.Debug|Any CPU.Build.0 = Debug|Any CPU
		{76A69E7B-683D-40AD-A5F3-036A1A2C8873}.Release|Any CPU.ActiveCfg = Release|Any CPU
		{76A69E7B-683D-40AD-A5F3-036A1A2C8873}.Release|Any CPU.Build.0 = Release|Any CPU
		{FA757245-EF3D-48CC-A508-F1B0B3ACD85D}.Debug|Any CPU.ActiveCfg = Debug|Any CPU
		{FA757245-EF3D-48CC-A508-F1B0B3ACD85D}.Debug|Any CPU.Build.0 = Debug|Any CPU
		{FA757245-EF3D-48CC-A508-F1B0B3ACD85D}.Release|Any CPU.ActiveCfg = Release|Any CPU
		{FA757245-EF3D-48CC-A508-F1B0B3ACD85D}.Release|Any CPU.Build.0 = Release|Any CPU
		{83A97EC9-795F-4702-9273-8A53BB919F5C}.Debug|Any CPU.ActiveCfg = Debug|Any CPU
		{83A97EC9-795F-4702-9273-8A53BB919F5C}.Debug|Any CPU.Build.0 = Debug|Any CPU
		{83A97EC9-795F-4702-9273-8A53BB919F5C}.Release|Any CPU.ActiveCfg = Release|Any CPU
		{83A97EC9-795F-4702-9273-8A53BB919F5C}.Release|Any CPU.Build.0 = Release|Any CPU
	EndGlobalSection
	GlobalSection(SolutionProperties) = preSolution
		HideSolutionNode = FALSE
	EndGlobalSection
	GlobalSection(NestedProjects) = preSolution
		{8D2CD0FD-3706-4AB7-BAB7-91198F8DA00C} = {FC246ECC-F0FC-4495-B127-52E06AF9F8F7}
		{FA757245-EF3D-48CC-A508-F1B0B3ACD85D} = {FC246ECC-F0FC-4495-B127-52E06AF9F8F7}
		{83A97EC9-795F-4702-9273-8A53BB919F5C} = {FC246ECC-F0FC-4495-B127-52E06AF9F8F7}
		{76A69E7B-683D-40AD-A5F3-036A1A2C8873} = {28E78D9C-5AF1-492D-8F97-F969F0BD3BC0}
	EndGlobalSection
EndGlobal
